
Microsoft Visual Studio Solution File, Format Version 11.00
# Visual Studio 2010
Project("{FAE04EC0-301F-11D3-BF4B-00C04F79EFBC}") = "Unity.Timeline", "Unity.Timeline.csproj", "{051713c0-e38e-4f79-f118-8db851f4c189}"
EndProject
Project("{FAE04EC0-301F-11D3-BF4B-00C04F79EFBC}") = "Unity.Timeline.Editor", "Unity.Timeline.Editor.csproj", "{238e59da-4302-033d-bc3b-13b2b7b30af5}"
EndProject
Project("{FAE04EC0-301F-11D3-BF4B-00C04F79EFBC}") = "Unity.2D.Tilemap.Editor", "Unity.2D.Tilemap.Editor.csproj", "{15349e98-7520-ec19-0b14-2ab88c62b6e5}"
EndProject
Project("{FAE04EC0-301F-11D3-BF4B-00C04F79EFBC}") = "Unity.TextMeshPro.Editor", "Unity.TextMeshPro.Editor.csproj", "{5bb1e172-501c-1f51-228f-21bc7c1f6c9e}"
EndProject
Project("{FAE04EC0-301F-11D3-BF4B-00C04F79EFBC}") = "Unity.2D.Aseprite.Editor", "Unity.2D.Aseprite.Editor.csproj", "{388ebd0b-71b4-969a-5864-73dbfad41706}"
EndProject
Project("{FAE04EC0-301F-11D3-BF4B-00C04F79EFBC}") = "Unity.VisualScripting.Flow", "Unity.VisualScripting.Flow.csproj", "{a1f02392-87a0-7de7-9d53-8d5629123024}"
EndProject
Project("{FAE04EC0-301F-11D3-BF4B-00C04F79EFBC}") = "UnityEditor.UI", "UnityEditor.UI.csproj", "{c2767225-6cc5-2da9-707f-181dbb23f77b}"
EndProject
Project("{FAE04EC0-301F-11D3-BF4B-00C04F79EFBC}") = "Unity.PlasticSCM.Editor", "Unity.PlasticSCM.Editor.csproj", "{95abe19c-4838-7372-2f17-713998851908}"
EndProject
Project("{FAE04EC0-301F-11D3-BF4B-00C04F79EFBC}") = "Unity.2D.Psdimporter.Editor", "Unity.2D.Psdimporter.Editor.csproj", "{5dd72a95-2e23-5a4e-8f74-02d01063ca07}"
EndProject
Project("{FAE04EC0-301F-11D3-BF4B-00C04F79EFBC}") = "Unity.VisualScripting.Core", "Unity.VisualScripting.Core.csproj", "{7568089d-b496-052c-4c5f-b332218b4626}"
EndProject
Project("{FAE04EC0-301F-11D3-BF4B-00C04F79EFBC}") = "Unity.Mathematics", "Unity.Mathematics.csproj", "{88c57bf2-eb6b-c8d5-9e29-2cad15eda8f6}"
EndProject
Project("{FAE04EC0-301F-11D3-BF4B-00C04F79EFBC}") = "Unity.2D.Animation.Editor", "Unity.2D.Animation.Editor.csproj", "{74834bc0-c87b-13d5-ae83-c82af0fd6416}"
EndProject
Project("{FAE04EC0-301F-11D3-BF4B-00C04F79EFBC}") = "Unity.2D.Common.Path.Editor", "Unity.2D.Common.Path.Editor.csproj", "{e76c18d0-d2ca-28a7-69ef-dc2b242f832f}"
EndProject
Project("{FAE04EC0-301F-11D3-BF4B-00C04F79EFBC}") = "Unity.VisualScripting.Core.Editor", "Unity.VisualScripting.Core.Editor.csproj", "{97829e4e-f439-a014-e48c-702541545343}"
EndProject
Project("{FAE04EC0-301F-11D3-BF4B-00C04F79EFBC}") = "Unity.2D.IK.Runtime", "Unity.2D.IK.Runtime.csproj", "{193d06b6-ba24-88e8-d930-9985dd840533}"
EndProject
Project("{FAE04EC0-301F-11D3-BF4B-00C04F79EFBC}") = "Unity.VisualScripting.Flow.Editor", "Unity.VisualScripting.Flow.Editor.csproj", "{608d7e43-436f-f2e1-8afd-2f04d0ade450}"
EndProject
Project("{FAE04EC0-301F-11D3-BF4B-00C04F79EFBC}") = "UnityEditor.TestRunner", "UnityEditor.TestRunner.csproj", "{91792ba3-f611-5c22-4ea4-7916c82f0c8d}"
EndProject
Project("{FAE04EC0-301F-11D3-BF4B-00C04F79EFBC}") = "Unity.VisualScripting.SettingsProvider.Editor", "Unity.VisualScripting.SettingsProvider.Editor.csproj", "{13163870-feb4-11e9-c74a-b9f41de21a82}"
EndProject
Project("{FAE04EC0-301F-11D3-BF4B-00C04F79EFBC}") = "UnityEngine.TestRunner", "UnityEngine.TestRunner.csproj", "{82b2bd48-106a-21fa-8ac8-de23ce9f833f}"
EndProject
Project("{FAE04EC0-301F-11D3-BF4B-00C04F79EFBC}") = "PsdPlugin", "PsdPlugin.csproj", "{12cfe401-7688-5ea5-67ba-4b86b9f6cef4}"
EndProject
Project("{FAE04EC0-301F-11D3-BF4B-00C04F79EFBC}") = "Unity.Burst", "Unity.Burst.csproj", "{c0f84300-c173-a421-3e24-fff4805016fb}"
EndProject
Project("{FAE04EC0-301F-11D3-BF4B-00C04F79EFBC}") = "UnityEngine.UI", "UnityEngine.UI.csproj", "{74f75947-e3c4-4357-2e9c-3b2c98e17b52}"
EndProject
Project("{FAE04EC0-301F-11D3-BF4B-00C04F79EFBC}") = "Unity.2D.SpriteShape.Editor", "Unity.2D.SpriteShape.Editor.csproj", "{fd4d6599-37ba-bdf3-d828-db341d631556}"
EndProject
Project("{FAE04EC0-301F-11D3-BF4B-00C04F79EFBC}") = "Unity.Collections", "Unity.Collections.csproj", "{edb39f64-94d0-f2ab-3c00-549df52e354c}"
EndProject
Project("{FAE04EC0-301F-11D3-BF4B-00C04F79EFBC}") = "Unity.VisualStudio.Editor", "Unity.VisualStudio.Editor.csproj", "{78c571f3-31fc-315b-1744-2d5facb8f759}"
EndProject
Project("{FAE04EC0-301F-11D3-BF4B-00C04F79EFBC}") = "Unity.2D.Tilemap.Extras.Editor", "Unity.2D.Tilemap.Extras.Editor.csproj", "{d1271f2e-6912-fdbc-ba80-8f13e9f8fb96}"
EndProject
Project("{FAE04EC0-301F-11D3-BF4B-00C04F79EFBC}") = "Unity.Rider.Editor", "Unity.Rider.Editor.csproj", "{8eb509d5-47af-75ed-09ae-dcf25926c108}"
EndProject
Project("{FAE04EC0-301F-11D3-BF4B-00C04F79EFBC}") = "Unity.InternalAPIEditorBridge.001", "Unity.InternalAPIEditorBridge.001.csproj", "{64a5b7d6-6262-b8ca-d970-e03ac8d4192b}"
EndProject
Project("{FAE04EC0-301F-11D3-BF4B-00C04F79EFBC}") = "Unity.2D.SpriteShape.Runtime", "Unity.2D.SpriteShape.Runtime.csproj", "{be18d417-1240-ab53-0a7a-805f2d5421fc}"
EndProject
Project("{FAE04EC0-301F-11D3-BF4B-00C04F79EFBC}") = "Unity.VisualScripting.State.Editor", "Unity.VisualScripting.State.Editor.csproj", "{499233ea-3d7d-5603-dec2-a3e624235b14}"
EndProject
Project("{FAE04EC0-301F-11D3-BF4B-00C04F79EFBC}") = "Unity.2D.Animation.Runtime", "Unity.2D.Animation.Runtime.csproj", "{a81e0179-876c-5fce-38d2-87b19286b4a1}"
EndProject
Project("{FAE04EC0-301F-11D3-BF4B-00C04F79EFBC}") = "Unity.Burst.CodeGen", "Unity.Burst.CodeGen.csproj", "{279e619f-add1-c816-a93c-874f93fea2c9}"
EndProject
Project("{FAE04EC0-301F-11D3-BF4B-00C04F79EFBC}") = "Unity.2D.Tilemap.Extras", "Unity.2D.Tilemap.Extras.csproj", "{0948f63a-e26b-2eef-1c31-9e5ef56e861a}"
EndProject
Project("{FAE04EC0-301F-11D3-BF4B-00C04F79EFBC}") = "Unity.VisualScripting.State", "Unity.VisualScripting.State.csproj", "{80c1660d-bae9-bda3-187c-6254e9a388f2}"
EndProject
Project("{FAE04EC0-301F-11D3-BF4B-00C04F79EFBC}") = "Unity.TextMeshPro", "Unity.TextMeshPro.csproj", "{62a53db0-7587-081c-4c1a-cc57a77e85a5}"
EndProject
Project("{FAE04EC0-301F-11D3-BF4B-00C04F79EFBC}") = "Unity.2D.Aseprite.Common", "Unity.2D.Aseprite.Common.csproj", "{01d46222-4bc1-2baa-2234-889fd7212a2b}"
EndProject
Project("{FAE04EC0-301F-11D3-BF4B-00C04F79EFBC}") = "Unity.2D.IK.Editor", "Unity.2D.IK.Editor.csproj", "{0ec64632-bfec-b77d-d64e-2db0882419dd}"
EndProject
Project("{FAE04EC0-301F-11D3-BF4B-00C04F79EFBC}") = "Unity.InternalAPIEngineBridge.001", "Unity.InternalAPIEngineBridge.001.csproj", "{052482e6-6698-bc7b-a189-6cee3f36ab3b}"
EndProject
Project("{FAE04EC0-301F-11D3-BF4B-00C04F79EFBC}") = "Unity.Burst.Editor", "Unity.Burst.Editor.csproj", "{c769f8fa-3aa8-0b42-0aa5-4ddcc8a441d2}"
EndProject
Project("{FAE04EC0-301F-11D3-BF4B-00C04F79EFBC}") = "Unity.2D.Common.Editor", "Unity.2D.Common.Editor.csproj", "{c89cc4ce-1d9b-ef37-1740-aa72cd5d0f64}"
EndProject
Project("{FAE04EC0-301F-11D3-BF4B-00C04F79EFBC}") = "Unity.2D.Sprite.Editor", "Unity.2D.Sprite.Editor.csproj", "{1929e65a-a9ab-a70e-420d-41bd60319e2e}"
EndProject
Project("{FAE04EC0-301F-11D3-BF4B-00C04F79EFBC}") = "Unity.2D.PixelPerfect", "Unity.2D.PixelPerfect.csproj", "{6e746e32-46e2-7d74-a2e8-7377d68ddc51}"
EndProject
Project("{FAE04EC0-301F-11D3-BF4B-00C04F79EFBC}") = "Unity.2D.PixelPerfect.Editor", "Unity.2D.PixelPerfect.Editor.csproj", "{b47c7576-9254-7d44-87fc-c6d889c9714c}"
EndProject
Project("{FAE04EC0-301F-11D3-BF4B-00C04F79EFBC}") = "Unity.2D.Common.Runtime", "Unity.2D.Common.Runtime.csproj", "{3b4a6b0d-2614-4c73-07e4-420a5b7a5443}"
EndProject
Project("{FAE04EC0-301F-11D3-BF4B-00C04F79EFBC}") = "Unity.Mathematics.Editor", "Unity.Mathematics.Editor.csproj", "{30fe1fe6-759a-7519-fec1-9ec2c02a79c1}"
EndProject
Project("{FAE04EC0-301F-11D3-BF4B-00C04F79EFBC}") = "Assembly-CSharp", "Assembly-CSharp.csproj", "{75eaef31-e94f-345c-eef5-99d7ad3c89d5}"
EndProject
Project("{FAE04EC0-301F-11D3-BF4B-00C04F79EFBC}") = "Unity.Collections.BurstCompatibilityGen", "Unity.Collections.BurstCompatibilityGen.csproj", "{e1506453-0b35-5b11-ba48-4184a91637e0}"
EndProject
Project("{FAE04EC0-301F-11D3-BF4B-00C04F79EFBC}") = "Unity.VisualScripting.Shared.Editor", "Unity.VisualScripting.Shared.Editor.csproj", "{e1e1a2e0-00d8-2eae-4529-b47530caf553}"
EndProject
Project("{FAE04EC0-301F-11D3-BF4B-00C04F79EFBC}") = "Unity.Collections.DocCodeSamples", "Unity.Collections.DocCodeSamples.csproj", "{b30c6e42-120d-8109-1400-c7c55f036139}"
EndProject
Project("{FAE04EC0-301F-11D3-BF4B-00C04F79EFBC}") = "Unity.CollabProxy.Editor", "Unity.CollabProxy.Editor.csproj", "{6d54b8f5-df51-76b1-da07-784e1cd4e4d8}"
EndProject
Project("{FAE04EC0-301F-11D3-BF4B-00C04F79EFBC}") = "Unity.Timeline", "Unity.Timeline.Player.csproj", "{0220ff72-9e96-5586-e63e-8b44dafc89ac}"
EndProject
Project("{FAE04EC0-301F-11D3-BF4B-00C04F79EFBC}") = "Unity.VisualScripting.Flow", "Unity.VisualScripting.Flow.Player.csproj", "{40d91be8-6d70-66c7-6590-f28b5400c0c8}"
EndProject
Project("{FAE04EC0-301F-11D3-BF4B-00C04F79EFBC}") = "Unity.VisualScripting.Core", "Unity.VisualScripting.Core.Player.csproj", "{52408046-7a04-1cc3-d49c-d4433c320cd2}"
EndProject
Project("{FAE04EC0-301F-11D3-BF4B-00C04F79EFBC}") = "Unity.Mathematics", "Unity.Mathematics.Player.csproj", "{2af4924d-fd07-702d-013b-2c18801add30}"
EndProject
Project("{FAE04EC0-301F-11D3-BF4B-00C04F79EFBC}") = "Unity.2D.IK.Runtime", "Unity.2D.IK.Runtime.Player.csproj", "{5e677435-4507-9294-5ddd-a73309651f57}"
EndProject
Project("{FAE04EC0-301F-11D3-BF4B-00C04F79EFBC}") = "UnityEngine.TestRunner", "UnityEngine.TestRunner.Player.csproj", "{47832be7-b222-da44-6b19-a426ef8aadee}"
EndProject
Project("{FAE04EC0-301F-11D3-BF4B-00C04F79EFBC}") = "Unity.Burst", "Unity.Burst.Player.csproj", "{699ff9ca-0f34-5bfa-4d63-f6ee089afd9c}"
EndProject
Project("{FAE04EC0-301F-11D3-BF4B-00C04F79EFBC}") = "UnityEngine.UI", "UnityEngine.UI.Player.csproj", "{67e1d708-652d-0558-2381-45cd57cd3b6e}"
EndProject
Project("{FAE04EC0-301F-11D3-BF4B-00C04F79EFBC}") = "Unity.Collections", "Unity.Collections.Player.csproj", "{f0c3e565-0acd-3150-20cd-3bfcd3ca0125}"
EndProject
Project("{FAE04EC0-301F-11D3-BF4B-00C04F79EFBC}") = "Unity.2D.SpriteShape.Runtime", "Unity.2D.SpriteShape.Runtime.Player.csproj", "{763e8aac-289f-d077-c518-7d26a245934c}"
EndProject
Project("{FAE04EC0-301F-11D3-BF4B-00C04F79EFBC}") = "Unity.2D.Animation.Runtime", "Unity.2D.Animation.Runtime.Player.csproj", "{1d5356ef-7d63-2ea4-8b6d-559de532be1b}"
EndProject
Project("{FAE04EC0-301F-11D3-BF4B-00C04F79EFBC}") = "Unity.2D.Tilemap.Extras", "Unity.2D.Tilemap.Extras.Player.csproj", "{aed96a9f-7c35-0707-2f2a-03998d91ef4d}"
EndProject
Project("{FAE04EC0-301F-11D3-BF4B-00C04F79EFBC}") = "Unity.VisualScripting.State", "Unity.VisualScripting.State.Player.csproj", "{29e0aaec-99ff-7c4f-2dae-e8549a1ed5e5}"
EndProject
Project("{FAE04EC0-301F-11D3-BF4B-00C04F79EFBC}") = "Unity.TextMeshPro", "Unity.TextMeshPro.Player.csproj", "{5bf289cb-a8af-48ca-0d6f-9f59aebd647f}"
EndProject
Project("{FAE04EC0-301F-11D3-BF4B-00C04F79EFBC}") = "Unity.InternalAPIEngineBridge.001", "Unity.InternalAPIEngineBridge.001.Player.csproj", "{001b4279-ac3d-9025-6aab-800c131fabd3}"
EndProject
Project("{FAE04EC0-301F-11D3-BF4B-00C04F79EFBC}") = "Unity.2D.PixelPerfect", "Unity.2D.PixelPerfect.Player.csproj", "{0b4cfcf5-1ace-2cd0-935d-47704414f320}"
EndProject
Project("{FAE04EC0-301F-11D3-BF4B-00C04F79EFBC}") = "Unity.2D.Common.Runtime", "Unity.2D.Common.Runtime.Player.csproj", "{4764affc-2ff4-abfe-7de9-ec0a0063449f}"
EndProject
Project("{FAE04EC0-301F-11D3-BF4B-00C04F79EFBC}") = "Assembly-CSharp", "Assembly-CSharp.Player.csproj", "{b263595c-66dd-198b-ec86-347de594eb88}"
EndProject
Project("{FAE04EC0-301F-11D3-BF4B-00C04F79EFBC}") = "Assembly-CSharp-Editor", "Assembly-CSharp-Editor.csproj", "{5c02b0c0-37ac-abb2-989f-7b41571dbacc}"
EndProject
Project("{FAE04EC0-301F-11D3-BF4B-00C04F79EFBC}") = "Unity.Mathematics.Tests", "Unity.Mathematics.Tests.csproj", "{b77ef0df-8d9f-01f7-bb9a-9cf8e7f1b5d3}"
EndProject
Project("{FAE04EC0-301F-11D3-BF4B-00C04F79EFBC}") = "Unity.2D.Aseprite.EditorTests", "Unity.2D.Aseprite.EditorTests.csproj", "{41906259-2373-52bd-d2da-a6ee725b4bc4}"
EndProject
Project("{FAE04EC0-301F-11D3-BF4B-00C04F79EFBC}") = "Unity.2D.Sprite.Package.EditorTests", "Unity.2D.Sprite.Package.EditorTests.csproj", "{16d3550f-c2b2-70cf-bb0f-2af0e936c9f4}"
EndProject
Project("{FAE04EC0-301F-11D3-BF4B-00C04F79EFBC}") = "Unity.Burst.Tests.UnitTests", "Unity.Burst.Tests.UnitTests.csproj", "{cbe97dff-43f8-a788-7add-fd015f8c71d7}"
EndProject
Project("{FAE04EC0-301F-11D3-BF4B-00C04F79EFBC}") = "Unity.2D.PixelPerfect.EditorTests", "Unity.2D.PixelPerfect.EditorTests.csproj", "{57d0d461-a89a-6bca-e6f9-0e4180fac772}"
EndProject
Project("{FAE04EC0-301F-11D3-BF4B-00C04F79EFBC}") = "Unity.2D.SpriteShape.EditorTests", "Unity.2D.SpriteShape.EditorTests.csproj", "{b23034fd-e607-ba32-0760-398a4b96ef27}"
EndProject
Project("{FAE04EC0-301F-11D3-BF4B-00C04F79EFBC}") = "Unity.2D.Common.EditorTests", "Unity.2D.Common.EditorTests.csproj", "{6adbe8eb-97e5-ee66-e4df-1312384793bb}"
EndProject
Project("{FAE04EC0-301F-11D3-BF4B-00C04F79EFBC}") = "Unity.Burst.Editor.Tests", "Unity.Burst.Editor.Tests.csproj", "{8aa44c39-3602-35f8-1c44-f563f5462ff8}"
EndProject
Project("{FAE04EC0-301F-11D3-BF4B-00C04F79EFBC}") = "Unity.TextMeshPro.Editor.Tests", "Unity.TextMeshPro.Editor.Tests.csproj", "{2346cb49-bfe3-a069-fa72-d95f8b523f0e}"
EndProject
Project("{FAE04EC0-301F-11D3-BF4B-00C04F79EFBC}") = "DocCodeExamples", "DocCodeExamples.csproj", "{759fbe35-ddba-085f-e9ff-0aba56400548}"
EndProject
Project("{FAE04EC0-301F-11D3-BF4B-00C04F79EFBC}") = "Unity.Collections.Tests", "Unity.Collections.Tests.csproj", "{20675f4e-cdbe-a131-a77a-cf79957cab89}"
EndProject
Project("{FAE04EC0-301F-11D3-BF4B-00C04F79EFBC}") = "Unity.2D.Psdimporter.EditorTests", "Unity.2D.Psdimporter.EditorTests.csproj", "{8d3e3db1-fc7b-f808-3bca-4355011019f3}"
EndProject
Project("{FAE04EC0-301F-11D3-BF4B-00C04F79EFBC}") = "UnityEngine.UI.Tests", "UnityEngine.UI.Tests.csproj", "{e4263e39-1ff3-01e8-60ee-88bf2a236f58}"
EndProject
Project("{FAE04EC0-301F-11D3-BF4B-00C04F79EFBC}") = "Unity.Collections.Tests.Playmode", "Unity.Collections.Tests.Playmode.csproj", "{30aa4b0d-9d28-648e-67e8-b71fcde004de}"
EndProject
Project("{FAE04EC0-301F-11D3-BF4B-00C04F79EFBC}") = "Unity.2D.Animation.EditorTests", "Unity.2D.Animation.EditorTests.csproj", "{514fec87-01b0-baa4-56cc-76cd74c3a827}"
EndProject
Project("{FAE04EC0-301F-11D3-BF4B-00C04F79EFBC}") = "Unity.TextMeshPro.Tests", "Unity.TextMeshPro.Tests.csproj", "{cc2778d1-f012-10ec-e765-c20fd2260460}"
EndProject
Project("{FAE04EC0-301F-11D3-BF4B-00C04F79EFBC}") = "SeparateAssembly", "SeparateAssembly.csproj", "{025d3f58-5013-6f52-9881-a4992b641fdd}"
EndProject
Project("{FAE04EC0-301F-11D3-BF4B-00C04F79EFBC}") = "UnityEditor.UI.EditorTests", "UnityEditor.UI.EditorTests.csproj", "{1aed8080-9168-7046-850f-39d3db055c1d}"
EndProject
Project("{FAE04EC0-301F-11D3-BF4B-00C04F79EFBC}") = "Unity.2D.Tilemap.Package.EditorTests", "Unity.2D.Tilemap.Package.EditorTests.csproj", "{40d9c29e-7fbc-3431-1711-51487b50612c}"
EndProject
Project("{FAE04EC0-301F-11D3-BF4B-00C04F79EFBC}") = "Unity.2D.Tilemap.Extras.Placeholder.EditorTests", "Unity.2D.Tilemap.Extras.Placeholder.EditorTests.csproj", "{417f9255-1bc8-945f-fff5-786dc2b81d0d}"
EndProject
Project("{FAE04EC0-301F-11D3-BF4B-00C04F79EFBC}") = "OverloadedFunctionPointers", "OverloadedFunctionPointers.csproj", "{5b4c6662-4790-bf5e-70ec-cf155ba09d51}"
EndProject
Global
	GlobalSection(SolutionConfigurationPlatforms) = preSolution
		Debug|Any CPU = Debug|Any CPU
	EndGlobalSection
	GlobalSection(ProjectConfigurationPlatforms) = postSolution
		{051713c0-e38e-4f79-f118-8db851f4c189}.Debug|Any CPU.ActiveCfg = Debug|Any CPU
		{051713c0-e38e-4f79-f118-8db851f4c189}.Debug|Any CPU.Build.0 = Debug|Any CPU
		{238e59da-4302-033d-bc3b-13b2b7b30af5}.Debug|Any CPU.ActiveCfg = Debug|Any CPU
		{238e59da-4302-033d-bc3b-13b2b7b30af5}.Debug|Any CPU.Build.0 = Debug|Any CPU
		{15349e98-7520-ec19-0b14-2ab88c62b6e5}.Debug|Any CPU.ActiveCfg = Debug|Any CPU
		{15349e98-7520-ec19-0b14-2ab88c62b6e5}.Debug|Any CPU.Build.0 = Debug|Any CPU
		{5bb1e172-501c-1f51-228f-21bc7c1f6c9e}.Debug|Any CPU.ActiveCfg = Debug|Any CPU
		{5bb1e172-501c-1f51-228f-21bc7c1f6c9e}.Debug|Any CPU.Build.0 = Debug|Any CPU
		{388ebd0b-71b4-969a-5864-73dbfad41706}.Debug|Any CPU.ActiveCfg = Debug|Any CPU
		{388ebd0b-71b4-969a-5864-73dbfad41706}.Debug|Any CPU.Build.0 = Debug|Any CPU
		{a1f02392-87a0-7de7-9d53-8d5629123024}.Debug|Any CPU.ActiveCfg = Debug|Any CPU
		{a1f02392-87a0-7de7-9d53-8d5629123024}.Debug|Any CPU.Build.0 = Debug|Any CPU
		{c2767225-6cc5-2da9-707f-181dbb23f77b}.Debug|Any CPU.ActiveCfg = Debug|Any CPU
		{c2767225-6cc5-2da9-707f-181dbb23f77b}.Debug|Any CPU.Build.0 = Debug|Any CPU
		{95abe19c-4838-7372-2f17-713998851908}.Debug|Any CPU.ActiveCfg = Debug|Any CPU
		{95abe19c-4838-7372-2f17-713998851908}.Debug|Any CPU.Build.0 = Debug|Any CPU
		{5dd72a95-2e23-5a4e-8f74-02d01063ca07}.Debug|Any CPU.ActiveCfg = Debug|Any CPU
		{5dd72a95-2e23-5a4e-8f74-02d01063ca07}.Debug|Any CPU.Build.0 = Debug|Any CPU
		{7568089d-b496-052c-4c5f-b332218b4626}.Debug|Any CPU.ActiveCfg = Debug|Any CPU
		{7568089d-b496-052c-4c5f-b332218b4626}.Debug|Any CPU.Build.0 = Debug|Any CPU
		{88c57bf2-eb6b-c8d5-9e29-2cad15eda8f6}.Debug|Any CPU.ActiveCfg = Debug|Any CPU
		{88c57bf2-eb6b-c8d5-9e29-2cad15eda8f6}.Debug|Any CPU.Build.0 = Debug|Any CPU
		{74834bc0-c87b-13d5-ae83-c82af0fd6416}.Debug|Any CPU.ActiveCfg = Debug|Any CPU
		{74834bc0-c87b-13d5-ae83-c82af0fd6416}.Debug|Any CPU.Build.0 = Debug|Any CPU
		{e76c18d0-d2ca-28a7-69ef-dc2b242f832f}.Debug|Any CPU.ActiveCfg = Debug|Any CPU
		{e76c18d0-d2ca-28a7-69ef-dc2b242f832f}.Debug|Any CPU.Build.0 = Debug|Any CPU
		{97829e4e-f439-a014-e48c-702541545343}.Debug|Any CPU.ActiveCfg = Debug|Any CPU
		{97829e4e-f439-a014-e48c-702541545343}.Debug|Any CPU.Build.0 = Debug|Any CPU
		{193d06b6-ba24-88e8-d930-9985dd840533}.Debug|Any CPU.ActiveCfg = Debug|Any CPU
		{193d06b6-ba24-88e8-d930-9985dd840533}.Debug|Any CPU.Build.0 = Debug|Any CPU
		{608d7e43-436f-f2e1-8afd-2f04d0ade450}.Debug|Any CPU.ActiveCfg = Debug|Any CPU
		{608d7e43-436f-f2e1-8afd-2f04d0ade450}.Debug|Any CPU.Build.0 = Debug|Any CPU
		{91792ba3-f611-5c22-4ea4-7916c82f0c8d}.Debug|Any CPU.ActiveCfg = Debug|Any CPU
		{91792ba3-f611-5c22-4ea4-7916c82f0c8d}.Debug|Any CPU.Build.0 = Debug|Any CPU
		{13163870-feb4-11e9-c74a-b9f41de21a82}.Debug|Any CPU.ActiveCfg = Debug|Any CPU
		{13163870-feb4-11e9-c74a-b9f41de21a82}.Debug|Any CPU.Build.0 = Debug|Any CPU
		{82b2bd48-106a-21fa-8ac8-de23ce9f833f}.Debug|Any CPU.ActiveCfg = Debug|Any CPU
		{82b2bd48-106a-21fa-8ac8-de23ce9f833f}.Debug|Any CPU.Build.0 = Debug|Any CPU
		{12cfe401-7688-5ea5-67ba-4b86b9f6cef4}.Debug|Any CPU.ActiveCfg = Debug|Any CPU
		{12cfe401-7688-5ea5-67ba-4b86b9f6cef4}.Debug|Any CPU.Build.0 = Debug|Any CPU
		{c0f84300-c173-a421-3e24-fff4805016fb}.Debug|Any CPU.ActiveCfg = Debug|Any CPU
		{c0f84300-c173-a421-3e24-fff4805016fb}.Debug|Any CPU.Build.0 = Debug|Any CPU
		{74f75947-e3c4-4357-2e9c-3b2c98e17b52}.Debug|Any CPU.ActiveCfg = Debug|Any CPU
		{74f75947-e3c4-4357-2e9c-3b2c98e17b52}.Debug|Any CPU.Build.0 = Debug|Any CPU
		{fd4d6599-37ba-bdf3-d828-db341d631556}.Debug|Any CPU.ActiveCfg = Debug|Any CPU
		{fd4d6599-37ba-bdf3-d828-db341d631556}.Debug|Any CPU.Build.0 = Debug|Any CPU
		{edb39f64-94d0-f2ab-3c00-549df52e354c}.Debug|Any CPU.ActiveCfg = Debug|Any CPU
		{edb39f64-94d0-f2ab-3c00-549df52e354c}.Debug|Any CPU.Build.0 = Debug|Any CPU
		{78c571f3-31fc-315b-1744-2d5facb8f759}.Debug|Any CPU.ActiveCfg = Debug|Any CPU
		{78c571f3-31fc-315b-1744-2d5facb8f759}.Debug|Any CPU.Build.0 = Debug|Any CPU
		{d1271f2e-6912-fdbc-ba80-8f13e9f8fb96}.Debug|Any CPU.ActiveCfg = Debug|Any CPU
		{d1271f2e-6912-fdbc-ba80-8f13e9f8fb96}.Debug|Any CPU.Build.0 = Debug|Any CPU
		{8eb509d5-47af-75ed-09ae-dcf25926c108}.Debug|Any CPU.ActiveCfg = Debug|Any CPU
		{8eb509d5-47af-75ed-09ae-dcf25926c108}.Debug|Any CPU.Build.0 = Debug|Any CPU
		{64a5b7d6-6262-b8ca-d970-e03ac8d4192b}.Debug|Any CPU.ActiveCfg = Debug|Any CPU
		{64a5b7d6-6262-b8ca-d970-e03ac8d4192b}.Debug|Any CPU.Build.0 = Debug|Any CPU
		{be18d417-1240-ab53-0a7a-805f2d5421fc}.Debug|Any CPU.ActiveCfg = Debug|Any CPU
		{be18d417-1240-ab53-0a7a-805f2d5421fc}.Debug|Any CPU.Build.0 = Debug|Any CPU
		{499233ea-3d7d-5603-dec2-a3e624235b14}.Debug|Any CPU.ActiveCfg = Debug|Any CPU
		{499233ea-3d7d-5603-dec2-a3e624235b14}.Debug|Any CPU.Build.0 = Debug|Any CPU
		{a81e0179-876c-5fce-38d2-87b19286b4a1}.Debug|Any CPU.ActiveCfg = Debug|Any CPU
		{a81e0179-876c-5fce-38d2-87b19286b4a1}.Debug|Any CPU.Build.0 = Debug|Any CPU
		{279e619f-add1-c816-a93c-874f93fea2c9}.Debug|Any CPU.ActiveCfg = Debug|Any CPU
		{279e619f-add1-c816-a93c-874f93fea2c9}.Debug|Any CPU.Build.0 = Debug|Any CPU
		{0948f63a-e26b-2eef-1c31-9e5ef56e861a}.Debug|Any CPU.ActiveCfg = Debug|Any CPU
		{0948f63a-e26b-2eef-1c31-9e5ef56e861a}.Debug|Any CPU.Build.0 = Debug|Any CPU
		{80c1660d-bae9-bda3-187c-6254e9a388f2}.Debug|Any CPU.ActiveCfg = Debug|Any CPU
		{80c1660d-bae9-bda3-187c-6254e9a388f2}.Debug|Any CPU.Build.0 = Debug|Any CPU
		{62a53db0-7587-081c-4c1a-cc57a77e85a5}.Debug|Any CPU.ActiveCfg = Debug|Any CPU
		{62a53db0-7587-081c-4c1a-cc57a77e85a5}.Debug|Any CPU.Build.0 = Debug|Any CPU
		{01d46222-4bc1-2baa-2234-889fd7212a2b}.Debug|Any CPU.ActiveCfg = Debug|Any CPU
		{01d46222-4bc1-2baa-2234-889fd7212a2b}.Debug|Any CPU.Build.0 = Debug|Any CPU
		{0ec64632-bfec-b77d-d64e-2db0882419dd}.Debug|Any CPU.ActiveCfg = Debug|Any CPU
		{0ec64632-bfec-b77d-d64e-2db0882419dd}.Debug|Any CPU.Build.0 = Debug|Any CPU
		{052482e6-6698-bc7b-a189-6cee3f36ab3b}.Debug|Any CPU.ActiveCfg = Debug|Any CPU
		{052482e6-6698-bc7b-a189-6cee3f36ab3b}.Debug|Any CPU.Build.0 = Debug|Any CPU
		{c769f8fa-3aa8-0b42-0aa5-4ddcc8a441d2}.Debug|Any CPU.ActiveCfg = Debug|Any CPU
		{c769f8fa-3aa8-0b42-0aa5-4ddcc8a441d2}.Debug|Any CPU.Build.0 = Debug|Any CPU
		{c89cc4ce-1d9b-ef37-1740-aa72cd5d0f64}.Debug|Any CPU.ActiveCfg = Debug|Any CPU
		{c89cc4ce-1d9b-ef37-1740-aa72cd5d0f64}.Debug|Any CPU.Build.0 = Debug|Any CPU
		{1929e65a-a9ab-a70e-420d-41bd60319e2e}.Debug|Any CPU.ActiveCfg = Debug|Any CPU
		{1929e65a-a9ab-a70e-420d-41bd60319e2e}.Debug|Any CPU.Build.0 = Debug|Any CPU
		{6e746e32-46e2-7d74-a2e8-7377d68ddc51}.Debug|Any CPU.ActiveCfg = Debug|Any CPU
		{6e746e32-46e2-7d74-a2e8-7377d68ddc51}.Debug|Any CPU.Build.0 = Debug|Any CPU
		{b47c7576-9254-7d44-87fc-c6d889c9714c}.Debug|Any CPU.ActiveCfg = Debug|Any CPU
		{b47c7576-9254-7d44-87fc-c6d889c9714c}.Debug|Any CPU.Build.0 = Debug|Any CPU
		{3b4a6b0d-2614-4c73-07e4-420a5b7a5443}.Debug|Any CPU.ActiveCfg = Debug|Any CPU
		{3b4a6b0d-2614-4c73-07e4-420a5b7a5443}.Debug|Any CPU.Build.0 = Debug|Any CPU
		{30fe1fe6-759a-7519-fec1-9ec2c02a79c1}.Debug|Any CPU.ActiveCfg = Debug|Any CPU
		{30fe1fe6-759a-7519-fec1-9ec2c02a79c1}.Debug|Any CPU.Build.0 = Debug|Any CPU
		{75eaef31-e94f-345c-eef5-99d7ad3c89d5}.Debug|Any CPU.ActiveCfg = Debug|Any CPU
		{75eaef31-e94f-345c-eef5-99d7ad3c89d5}.Debug|Any CPU.Build.0 = Debug|Any CPU
		{e1506453-0b35-5b11-ba48-4184a91637e0}.Debug|Any CPU.ActiveCfg = Debug|Any CPU
		{e1506453-0b35-5b11-ba48-4184a91637e0}.Debug|Any CPU.Build.0 = Debug|Any CPU
		{e1e1a2e0-00d8-2eae-4529-b47530caf553}.Debug|Any CPU.ActiveCfg = Debug|Any CPU
		{e1e1a2e0-00d8-2eae-4529-b47530caf553}.Debug|Any CPU.Build.0 = Debug|Any CPU
		{b30c6e42-120d-8109-1400-c7c55f036139}.Debug|Any CPU.ActiveCfg = Debug|Any CPU
		{b30c6e42-120d-8109-1400-c7c55f036139}.Debug|Any CPU.Build.0 = Debug|Any CPU
		{6d54b8f5-df51-76b1-da07-784e1cd4e4d8}.Debug|Any CPU.ActiveCfg = Debug|Any CPU
		{6d54b8f5-df51-76b1-da07-784e1cd4e4d8}.Debug|Any CPU.Build.0 = Debug|Any CPU
		{0220ff72-9e96-5586-e63e-8b44dafc89ac}.Debug|Any CPU.ActiveCfg = Debug|Any CPU
		{0220ff72-9e96-5586-e63e-8b44dafc89ac}.Debug|Any CPU.Build.0 = Debug|Any CPU
		{40d91be8-6d70-66c7-6590-f28b5400c0c8}.Debug|Any CPU.ActiveCfg = Debug|Any CPU
		{40d91be8-6d70-66c7-6590-f28b5400c0c8}.Debug|Any CPU.Build.0 = Debug|Any CPU
		{52408046-7a04-1cc3-d49c-d4433c320cd2}.Debug|Any CPU.ActiveCfg = Debug|Any CPU
		{52408046-7a04-1cc3-d49c-d4433c320cd2}.Debug|Any CPU.Build.0 = Debug|Any CPU
		{2af4924d-fd07-702d-013b-2c18801add30}.Debug|Any CPU.ActiveCfg = Debug|Any CPU
		{2af4924d-fd07-702d-013b-2c18801add30}.Debug|Any CPU.Build.0 = Debug|Any CPU
		{5e677435-4507-9294-5ddd-a73309651f57}.Debug|Any CPU.ActiveCfg = Debug|Any CPU
		{5e677435-4507-9294-5ddd-a73309651f57}.Debug|Any CPU.Build.0 = Debug|Any CPU
		{47832be7-b222-da44-6b19-a426ef8aadee}.Debug|Any CPU.ActiveCfg = Debug|Any CPU
		{47832be7-b222-da44-6b19-a426ef8aadee}.Debug|Any CPU.Build.0 = Debug|Any CPU
		{699ff9ca-0f34-5bfa-4d63-f6ee089afd9c}.Debug|Any CPU.ActiveCfg = Debug|Any CPU
		{699ff9ca-0f34-5bfa-4d63-f6ee089afd9c}.Debug|Any CPU.Build.0 = Debug|Any CPU
		{67e1d708-652d-0558-2381-45cd57cd3b6e}.Debug|Any CPU.ActiveCfg = Debug|Any CPU
		{67e1d708-652d-0558-2381-45cd57cd3b6e}.Debug|Any CPU.Build.0 = Debug|Any CPU
		{f0c3e565-0acd-3150-20cd-3bfcd3ca0125}.Debug|Any CPU.ActiveCfg = Debug|Any CPU
		{f0c3e565-0acd-3150-20cd-3bfcd3ca0125}.Debug|Any CPU.Build.0 = Debug|Any CPU
		{763e8aac-289f-d077-c518-7d26a245934c}.Debug|Any CPU.ActiveCfg = Debug|Any CPU
		{763e8aac-289f-d077-c518-7d26a245934c}.Debug|Any CPU.Build.0 = Debug|Any CPU
		{1d5356ef-7d63-2ea4-8b6d-559de532be1b}.Debug|Any CPU.ActiveCfg = Debug|Any CPU
		{1d5356ef-7d63-2ea4-8b6d-559de532be1b}.Debug|Any CPU.Build.0 = Debug|Any CPU
		{aed96a9f-7c35-0707-2f2a-03998d91ef4d}.Debug|Any CPU.ActiveCfg = Debug|Any CPU
		{aed96a9f-7c35-0707-2f2a-03998d91ef4d}.Debug|Any CPU.Build.0 = Debug|Any CPU
		{29e0aaec-99ff-7c4f-2dae-e8549a1ed5e5}.Debug|Any CPU.ActiveCfg = Debug|Any CPU
		{29e0aaec-99ff-7c4f-2dae-e8549a1ed5e5}.Debug|Any CPU.Build.0 = Debug|Any CPU
		{5bf289cb-a8af-48ca-0d6f-9f59aebd647f}.Debug|Any CPU.ActiveCfg = Debug|Any CPU
		{5bf289cb-a8af-48ca-0d6f-9f59aebd647f}.Debug|Any CPU.Build.0 = Debug|Any CPU
		{001b4279-ac3d-9025-6aab-800c131fabd3}.Debug|Any CPU.ActiveCfg = Debug|Any CPU
		{001b4279-ac3d-9025-6aab-800c131fabd3}.Debug|Any CPU.Build.0 = Debug|Any CPU
		{0b4cfcf5-1ace-2cd0-935d-47704414f320}.Debug|Any CPU.ActiveCfg = Debug|Any CPU
		{0b4cfcf5-1ace-2cd0-935d-47704414f320}.Debug|Any CPU.Build.0 = Debug|Any CPU
		{4764affc-2ff4-abfe-7de9-ec0a0063449f}.Debug|Any CPU.ActiveCfg = Debug|Any CPU
		{4764affc-2ff4-abfe-7de9-ec0a0063449f}.Debug|Any CPU.Build.0 = Debug|Any CPU
		{b263595c-66dd-198b-ec86-347de594eb88}.Debug|Any CPU.ActiveCfg = Debug|Any CPU
		{b263595c-66dd-198b-ec86-347de594eb88}.Debug|Any CPU.Build.0 = Debug|Any CPU
		{5c02b0c0-37ac-abb2-989f-7b41571dbacc}.Debug|Any CPU.ActiveCfg = Debug|Any CPU
		{5c02b0c0-37ac-abb2-989f-7b41571dbacc}.Debug|Any CPU.Build.0 = Debug|Any CPU
		{b77ef0df-8d9f-01f7-bb9a-9cf8e7f1b5d3}.Debug|Any CPU.ActiveCfg = Debug|Any CPU
		{b77ef0df-8d9f-01f7-bb9a-9cf8e7f1b5d3}.Debug|Any CPU.Build.0 = Debug|Any CPU
		{41906259-2373-52bd-d2da-a6ee725b4bc4}.Debug|Any CPU.ActiveCfg = Debug|Any CPU
		{41906259-2373-52bd-d2da-a6ee725b4bc4}.Debug|Any CPU.Build.0 = Debug|Any CPU
		{16d3550f-c2b2-70cf-bb0f-2af0e936c9f4}.Debug|Any CPU.ActiveCfg = Debug|Any CPU
		{16d3550f-c2b2-70cf-bb0f-2af0e936c9f4}.Debug|Any CPU.Build.0 = Debug|Any CPU
		{cbe97dff-43f8-a788-7add-fd015f8c71d7}.Debug|Any CPU.ActiveCfg = Debug|Any CPU
		{cbe97dff-43f8-a788-7add-fd015f8c71d7}.Debug|Any CPU.Build.0 = Debug|Any CPU
		{57d0d461-a89a-6bca-e6f9-0e4180fac772}.Debug|Any CPU.ActiveCfg = Debug|Any CPU
		{57d0d461-a89a-6bca-e6f9-0e4180fac772}.Debug|Any CPU.Build.0 = Debug|Any CPU
		{b23034fd-e607-ba32-0760-398a4b96ef27}.Debug|Any CPU.ActiveCfg = Debug|Any CPU
		{b23034fd-e607-ba32-0760-398a4b96ef27}.Debug|Any CPU.Build.0 = Debug|Any CPU
		{6adbe8eb-97e5-ee66-e4df-1312384793bb}.Debug|Any CPU.ActiveCfg = Debug|Any CPU
		{6adbe8eb-97e5-ee66-e4df-1312384793bb}.Debug|Any CPU.Build.0 = Debug|Any CPU
		{8aa44c39-3602-35f8-1c44-f563f5462ff8}.Debug|Any CPU.ActiveCfg = Debug|Any CPU
		{8aa44c39-3602-35f8-1c44-f563f5462ff8}.Debug|Any CPU.Build.0 = Debug|Any CPU
		{2346cb49-bfe3-a069-fa72-d95f8b523f0e}.Debug|Any CPU.ActiveCfg = Debug|Any CPU
		{2346cb49-bfe3-a069-fa72-d95f8b523f0e}.Debug|Any CPU.Build.0 = Debug|Any CPU
		{759fbe35-ddba-085f-e9ff-0aba56400548}.Debug|Any CPU.ActiveCfg = Debug|Any CPU
		{759fbe35-ddba-085f-e9ff-0aba56400548}.Debug|Any CPU.Build.0 = Debug|Any CPU
		{20675f4e-cdbe-a131-a77a-cf79957cab89}.Debug|Any CPU.ActiveCfg = Debug|Any CPU
		{20675f4e-cdbe-a131-a77a-cf79957cab89}.Debug|Any CPU.Build.0 = Debug|Any CPU
		{8d3e3db1-fc7b-f808-3bca-4355011019f3}.Debug|Any CPU.ActiveCfg = Debug|Any CPU
		{8d3e3db1-fc7b-f808-3bca-4355011019f3}.Debug|Any CPU.Build.0 = Debug|Any CPU
		{e4263e39-1ff3-01e8-60ee-88bf2a236f58}.Debug|Any CPU.ActiveCfg = Debug|Any CPU
		{e4263e39-1ff3-01e8-60ee-88bf2a236f58}.Debug|Any CPU.Build.0 = Debug|Any CPU
		{30aa4b0d-9d28-648e-67e8-b71fcde004de}.Debug|Any CPU.ActiveCfg = Debug|Any CPU
		{30aa4b0d-9d28-648e-67e8-b71fcde004de}.Debug|Any CPU.Build.0 = Debug|Any CPU
		{514fec87-01b0-baa4-56cc-76cd74c3a827}.Debug|Any CPU.ActiveCfg = Debug|Any CPU
		{514fec87-01b0-baa4-56cc-76cd74c3a827}.Debug|Any CPU.Build.0 = Debug|Any CPU
		{cc2778d1-f012-10ec-e765-c20fd2260460}.Debug|Any CPU.ActiveCfg = Debug|Any CPU
		{cc2778d1-f012-10ec-e765-c20fd2260460}.Debug|Any CPU.Build.0 = Debug|Any CPU
		{025d3f58-5013-6f52-9881-a4992b641fdd}.Debug|Any CPU.ActiveCfg = Debug|Any CPU
		{025d3f58-5013-6f52-9881-a4992b641fdd}.Debug|Any CPU.Build.0 = Debug|Any CPU
		{1aed8080-9168-7046-850f-39d3db055c1d}.Debug|Any CPU.ActiveCfg = Debug|Any CPU
		{1aed8080-9168-7046-850f-39d3db055c1d}.Debug|Any CPU.Build.0 = Debug|Any CPU
		{40d9c29e-7fbc-3431-1711-51487b50612c}.Debug|Any CPU.ActiveCfg = Debug|Any CPU
		{40d9c29e-7fbc-3431-1711-51487b50612c}.Debug|Any CPU.Build.0 = Debug|Any CPU
		{417f9255-1bc8-945f-fff5-786dc2b81d0d}.Debug|Any CPU.ActiveCfg = Debug|Any CPU
		{417f9255-1bc8-945f-fff5-786dc2b81d0d}.Debug|Any CPU.Build.0 = Debug|Any CPU
		{5b4c6662-4790-bf5e-70ec-cf155ba09d51}.Debug|Any CPU.ActiveCfg = Debug|Any CPU
		{5b4c6662-4790-bf5e-70ec-cf155ba09d51}.Debug|Any CPU.Build.0 = Debug|Any CPU
	EndGlobalSection
	GlobalSection(SolutionProperties) = preSolution
		HideSolutionNode = FALSE
	EndGlobalSection
EndGlobal
